{
  "requires": true,
  "lockfileVersion": 1,
  "dependencies": {
    "zdog": {
      "version": "1.0.2",
      "resolved": "https://registry.npmjs.org/zdog/-/zdog-1.0.2.tgz",
      "integrity": "sha512-QjLJ5G5H9X4wowICh8Gx7EC4D738qtspaEr6JnUwXcbZ5bDwgHWG/Q3099Lj91mrFODKL3V/ob8VWZUdXr1YoA=="
    }
  }
}
